{
  "version": 4,
  "terraform_version": "1.4.6",
  "serial": 4,
  "lineage": "326fdfc3-df16-6cd2-b24b-4bff439f1b9d",
  "outputs": {
    "aws_security_group_this_name": {
      "value": "runners-staging-sg",
      "type": "string"
    }
  },
  "resources": [
    {
      "mode": "data",
      "type": "aws_vpc",
      "name": "this",
      "provider": "provider[\"registry.terraform.io/hashicorp/aws\"]",
      "instances": [
        {
          "schema_version": 0,
          "attributes": {
            "arn": "arn:aws:ec2:eu-central-1:617827465465:vpc/vpc-0416ba86caa64f705",
            "cidr_block": "10.20.0.0/20",
            "cidr_block_associations": [
              {
                "association_id": "vpc-cidr-assoc-0bcefbbb4d85e176a",
                "cidr_block": "10.20.0.0/20",
                "state": "associated"
              }
            ],
            "default": false,
            "dhcp_options_id": "dopt-b498a7dd",
            "enable_dns_hostnames": false,
            "enable_dns_support": true,
            "enable_network_address_usage_metrics": false,
            "filter": [
              {
                "name": "tag-key",
                "values": [
                  "Name"
                ]
              },
              {
                "name": "tag-value",
                "values": [
                  "nonprod-vpc"
                ]
              }
            ],
            "id": "vpc-0416ba86caa64f705",
            "instance_tenancy": "default",
            "ipv6_association_id": "",
            "ipv6_cidr_block": "",
            "main_route_table_id": "rtb-043b3957d01f7ca1d",
            "owner_id": "617827465465",
            "state": null,
            "tags": {
              "Description": "Non-prod VPC",
              "Name": "nonprod-vpc"
            },
            "timeouts": null
          },
          "sensitive_attributes": []
        }
      ]
    },
    {
      "mode": "managed",
      "type": "aws_security_group",
      "name": "this",
      "provider": "provider[\"registry.terraform.io/hashicorp/aws\"]",
      "instances": [
        {
          "schema_version": 1,
          "attributes": {
            "arn": "arn:aws:ec2:eu-central-1:617827465465:security-group/sg-0c4d1a47471987eae",
            "description": "Demo SG for nonprod",
            "egress": [
              {
                "cidr_blocks": [
                  "0.0.0.0/0"
                ],
                "description": "",
                "from_port": 0,
                "ipv6_cidr_blocks": [],
                "prefix_list_ids": [],
                "protocol": "-1",
                "security_groups": [],
                "self": false,
                "to_port": 0
              }
            ],
            "id": "sg-0c4d1a47471987eae",
            "ingress": [
              {
                "cidr_blocks": [
                  "0.0.0.0/0"
                ],
                "description": "",
                "from_port": 0,
                "ipv6_cidr_blocks": [],
                "prefix_list_ids": [],
                "protocol": "-1",
                "security_groups": [],
                "self": false,
                "to_port": 0
              }
            ],
            "name": "runners-staging-sg",
            "name_prefix": "",
            "owner_id": "617827465465",
            "revoke_rules_on_delete": false,
            "tags": null,
            "tags_all": {},
            "timeouts": null,
            "vpc_id": "vpc-0416ba86caa64f705"
          },
          "sensitive_attributes": [],
          "private": "eyJlMmJmYjczMC1lY2FhLTExZTYtOGY4OC0zNDM2M2JjN2M0YzAiOnsiY3JlYXRlIjo2MDAwMDAwMDAwMDAsImRlbGV0ZSI6OTAwMDAwMDAwMDAwfSwic2NoZW1hX3ZlcnNpb24iOiIxIn0=",
          "dependencies": [
            "data.aws_vpc.this"
          ]
        }
      ]
    }
  ],
  "check_results": null
}
